dependencies:
- name: llama3-2-3b
  repository: file://../llama3.2-3b
  version: 1.0.0
- name: llama-stack
  repository: file://../llama-stack
  version: 1.0.0
- name: react-agent
  repository: file://../react-agent
  version: 1.0.0
- name: hr-enterprise-api
  repository: file://../hr-api
  version: 1.0.0
- name: custom-mcp-server
  repository: file://../custom-mcp-server
  version: 1.0.0
digest: sha256:ce81d95deaca9d0e25e5bd4efa53db389860c698560f423fc8125e000090af2b
generated: "2025-07-14T12:05:54.605448-04:00"
